
Microsoft Visual Studio Solution File, Format Version 12.00
# Visual Studio Version 17
VisualStudioVersion = 17.4.33205.214
MinimumVisualStudioVersion = 10.0.40219.1
Project("{8BC9CEB8-8B4A-11D0-8D11-00A0C91BC942}") = "SOPHI", "SOPHI\SOPHI.vcxproj", "{21215859-79AB-40C3-8F43-0E6FDD107561}"
EndProject
Global
	GlobalSection(SolutionConfigurationPlatforms) = preSolution
		Debug|x64 = Debug|x64
		Debug|x86 = Debug|x86
		Release|x64 = Release|x64
		Release|x86 = Release|x86
	EndGlobalSection
	GlobalSection(ProjectConfigurationPlatforms) = postSolution
		{21215859-79AB-40C3-8F43-0E6FDD107561}.Debug|x64.ActiveCfg = Debug|x64
		{21215859-79AB-40C3-8F43-0E6FDD107561}.Debug|x64.Build.0 = Debug|x64
		{21215859-79AB-40C3-8F43-0E6FDD107561}.Debug|x86.ActiveCfg = Debug|Win32
		{21215859-79AB-40C3-8F43-0E6FDD107561}.Debug|x86.Build.0 = Debug|Win32
		{21215859-79AB-40C3-8F43-0E6FDD107561}.Release|x64.ActiveCfg = Release|x64
		{21215859-79AB-40C3-8F43-0E6FDD107561}.Release|x64.Build.0 = Release|x64
		{21215859-79AB-40C3-8F43-0E6FDD107561}.Release|x86.ActiveCfg = Release|Win32
		{21215859-79AB-40C3-8F43-0E6FDD107561}.Release|x86.Build.0 = Release|Win32
	EndGlobalSection
	GlobalSection(SolutionProperties) = preSolution
		HideSolutionNode = FALSE
	EndGlobalSection
	GlobalSection(ExtensibilityGlobals) = postSolution
		SolutionGuid = {1C6FE76B-8ADD-4B7A-8006-F02C8980A23D}
	EndGlobalSection
EndGlobal
